
Microsoft Visual Studio Solution File, Format Version 12.00
# Visual Studio Version 16
VisualStudioVersion = 16.0.30523.141
MinimumVisualStudioVersion = 10.0.40219.1
Project("{9A19103F-16F7-4668-BE54-9A1E7A4F7556}") = "wBees.Data", "wBees.Data\wBees.Data.csproj", "{E1D94F99-F638-4530-A2F0-BFCB9BAD3B55}"
EndProject
Project("{9A19103F-16F7-4668-BE54-9A1E7A4F7556}") = "wBees", "wBees.Site\wBees.csproj", "{98A9E6B0-0A81-4BC5-AF3A-F472B763BB67}"
EndProject
Project("{FAE04EC0-301F-11D3-BF4B-00C04F79EFBC}") = "wBees.Services", "wBees.Services\wBees.Services.csproj", "{A902AC28-F44E-4A64-A726-D2C9B5395C2B}"
EndProject
Global
	GlobalSection(SolutionConfigurationPlatforms) = preSolution
		Debug|Any CPU = Debug|Any CPU
		Release|Any CPU = Release|Any CPU
	EndGlobalSection
	GlobalSection(ProjectConfigurationPlatforms) = postSolution
		{E1D94F99-F638-4530-A2F0-BFCB9BAD3B55}.Debug|Any CPU.ActiveCfg = Debug|Any CPU
		{E1D94F99-F638-4530-A2F0-BFCB9BAD3B55}.Debug|Any CPU.Build.0 = Debug|Any CPU
		{E1D94F99-F638-4530-A2F0-BFCB9BAD3B55}.Release|Any CPU.ActiveCfg = Release|Any CPU
		{E1D94F99-F638-4530-A2F0-BFCB9BAD3B55}.Release|Any CPU.Build.0 = Release|Any CPU
		{98A9E6B0-0A81-4BC5-AF3A-F472B763BB67}.Debug|Any CPU.ActiveCfg = Debug|Any CPU
		{98A9E6B0-0A81-4BC5-AF3A-F472B763BB67}.Debug|Any CPU.Build.0 = Debug|Any CPU
		{98A9E6B0-0A81-4BC5-AF3A-F472B763BB67}.Release|Any CPU.ActiveCfg = Release|Any CPU
		{98A9E6B0-0A81-4BC5-AF3A-F472B763BB67}.Release|Any CPU.Build.0 = Release|Any CPU
		{A902AC28-F44E-4A64-A726-D2C9B5395C2B}.Debug|Any CPU.ActiveCfg = Debug|Any CPU
		{A902AC28-F44E-4A64-A726-D2C9B5395C2B}.Debug|Any CPU.Build.0 = Debug|Any CPU
		{A902AC28-F44E-4A64-A726-D2C9B5395C2B}.Release|Any CPU.ActiveCfg = Release|Any CPU
		{A902AC28-F44E-4A64-A726-D2C9B5395C2B}.Release|Any CPU.Build.0 = Release|Any CPU
	EndGlobalSection
	GlobalSection(SolutionProperties) = preSolution
		HideSolutionNode = FALSE
	EndGlobalSection
	GlobalSection(ExtensibilityGlobals) = postSolution
		SolutionGuid = {C5157705-767D-4D74-8CA6-CC250FB36144}
	EndGlobalSection
EndGlobal
